
Microsoft Visual Studio Solution File, Format Version 12.00
Project("{FAE04EC0-301F-11D3-BF4B-00C04F79EFBC}") = "test", "test\test.csproj", "{78C9E7E9-43E8-477E-83DD-599875248BDD}"
EndProject
Global
	GlobalSection(SolutionConfigurationPlatforms) = preSolution
		Debug|Any CPU = Debug|Any CPU
		Release|Any CPU = Release|Any CPU
	EndGlobalSection
	GlobalSection(ProjectConfigurationPlatforms) = postSolution
		{78C9E7E9-43E8-477E-83DD-599875248BDD}.Debug|Any CPU.ActiveCfg = Debug|Any CPU
		{78C9E7E9-43E8-477E-83DD-599875248BDD}.Debug|Any CPU.Build.0 = Debug|Any CPU
		{78C9E7E9-43E8-477E-83DD-599875248BDD}.Release|Any CPU.ActiveCfg = Release|Any CPU
		{78C9E7E9-43E8-477E-83DD-599875248BDD}.Release|Any CPU.Build.0 = Release|Any CPU
	EndGlobalSection
EndGlobal
